// !$*UTF8*$!
{
	archiveVersion = 1;
	classes = {
	};
	objectVersion = 50;
	objects = {

/* Begin PBXBuildFile section */
		499203DC244D2836000D99D9 /* AppDelegate.swift in Sources */ = {isa = PBXBuildFile; fileRef = 499203DB244D2836000D99D9 /* AppDelegate.swift */; };
		499203DE244D2836000D99D9 /* SceneDelegate.swift in Sources */ = {isa = PBXBuildFile; fileRef = 499203DD244D2836000D99D9 /* SceneDelegate.swift */; };
		499203E1244D2836000D99D9 /* Force_Field.xcdatamodeld in Sources */ = {isa = PBXBuildFile; fileRef = 499203DF244D2836000D99D9 /* Force_Field.xcdatamodeld */; };
		499203E3244D2836000D99D9 /* ContentView.swift in Sources */ = {isa = PBXBuildFile; fileRef = 499203E2244D2836000D99D9 /* ContentView.swift */; };
		499203E5244D2838000D99D9 /* Assets.xcassets in Resources */ = {isa = PBXBuildFile; fileRef = 499203E4244D2838000D99D9 /* Assets.xcassets */; };
		499203E8244D2838000D99D9 /* Preview Assets.xcassets in Resources */ = {isa = PBXBuildFile; fileRef = 499203E7244D2838000D99D9 /* Preview Assets.xcassets */; };
		499203EB244D2838000D99D9 /* LaunchScreen.storyboard in Resources */ = {isa = PBXBuildFile; fileRef = 499203E9244D2838000D99D9 /* LaunchScreen.storyboard */; };
		499203F3244D4980000D99D9 /* ContentModel.swift in Sources */ = {isa = PBXBuildFile; fileRef = 499203F2244D4980000D99D9 /* ContentModel.swift */; };
/* End PBXBuildFile section */

/* Begin PBXFileReference section */
		499203D8244D2836000D99D9 /* Force Field.app */ = {isa = PBXFileReference; explicitFileType = wrapper.application; includeInIndex = 0; path = "Force Field.app"; sourceTree = BUILT_PRODUCTS_DIR; };
		499203DB244D2836000D99D9 /* AppDelegate.swift */ = {isa = PBXFileReference; lastKnownFileType = sourcecode.swift; path = AppDelegate.swift; sourceTree = "<group>"; };
		499203DD244D2836000D99D9 /* SceneDelegate.swift */ = {isa = PBXFileReference; lastKnownFileType = sourcecode.swift; path = SceneDelegate.swift; sourceTree = "<group>"; };
		499203E0244D2836000D99D9 /* Force_Field.xcdatamodel */ = {isa = PBXFileReference; lastKnownFileType = wrapper.xcdatamodel; path = Force_Field.xcdatamodel; sourceTree = "<group>"; };
		499203E2244D2836000D99D9 /* ContentView.swift */ = {isa = PBXFileReference; lastKnownFileType = sourcecode.swift; path = ContentView.swift; sourceTree = "<group>"; };
		499203E4244D2838000D99D9 /* Assets.xcassets */ = {isa = PBXFileReference; lastKnownFileType = folder.assetcatalog; path = Assets.xcassets; sourceTree = "<group>"; };
		499203E7244D2838000D99D9 /* Preview Assets.xcassets */ = {isa = PBXFileReference; lastKnownFileType = folder.assetcatalog; path = "Preview Assets.xcassets"; sourceTree = "<group>"; };
		499203EA244D2838000D99D9 /* Base */ = {isa = PBXFileReference; lastKnownFileType = file.storyboard; name = Base; path = Base.lproj/LaunchScreen.storyboard; sourceTree = "<group>"; };
		499203EC244D2838000D99D9 /* Info.plist */ = {isa = PBXFileReference; lastKnownFileType = text.plist.xml; path = Info.plist; sourceTree = "<group>"; };
		499203F2244D4980000D99D9 /* ContentModel.swift */ = {isa = PBXFileReference; lastKnownFileType = sourcecode.swift; path = ContentModel.swift; sourceTree = "<group>"; };
/* End PBXFileReference section */

/* Begin PBXFrameworksBuildPhase section */
		499203D5244D2836000D99D9 /* Frameworks */ = {
			isa = PBXFrameworksBuildPhase;
			buildActionMask = 2147483647;
			files = (
			);
			runOnlyForDeploymentPostprocessing = 0;
		};
/* End PBXFrameworksBuildPhase section */

/* Begin PBXGroup section */
		499203CF244D2836000D99D9 = {
			isa = PBXGroup;
			children = (
				499203DA244D2836000D99D9 /* Force Field */,
				499203D9244D2836000D99D9 /* Products */,
			);
			sourceTree = "<group>";
		};
		499203D9244D2836000D99D9 /* Products */ = {
			isa = PBXGroup;
			children = (
				499203D8244D2836000D99D9 /* Force Field.app */,
			);
			name = Products;
			sourceTree = "<group>";
		};
		499203DA244D2836000D99D9 /* Force Field */ = {
			isa = PBXGroup;
			children = (
				499203DB244D2836000D99D9 /* AppDelegate.swift */,
				499203DD244D2836000D99D9 /* SceneDelegate.swift */,
				499203E2244D2836000D99D9 /* ContentView.swift */,
				499203F2244D4980000D99D9 /* ContentModel.swift */,
				499203E4244D2838000D99D9 /* Assets.xcassets */,
				499203E9244D2838000D99D9 /* LaunchScreen.storyboard */,
				499203EC244D2838000D99D9 /* Info.plist */,
				499203DF244D2836000D99D9 /* Force_Field.xcdatamodeld */,
				499203E6244D2838000D99D9 /* Preview Content */,
			);
			path = "Force Field";
			sourceTree = "<group>";
		};
		499203E6244D2838000D99D9 /* Preview Content */ = {
			isa = PBXGroup;
			children = (
				499203E7244D2838000D99D9 /* Preview Assets.xcassets */,
			);
			path = "Preview Content";
			sourceTree = "<group>";
		};
/* End PBXGroup section */

/* Begin PBXNativeTarget section */
		499203D7244D2836000D99D9 /* Force Field */ = {
			isa = PBXNativeTarget;
			buildConfigurationList = 499203EF244D2838000D99D9 /* Build configuration list for PBXNativeTarget "Force Field" */;
			buildPhases = (
				499203D4244D2836000D99D9 /* Sources */,
				499203D5244D2836000D99D9 /* Frameworks */,
				499203D6244D2836000D99D9 /* Resources */,
			);
			buildRules = (
			);
			dependencies = (
			);
			name = "Force Field";
			productName = "Force Field";
			productReference = 499203D8244D2836000D99D9 /* Force Field.app */;
			productType = "com.apple.product-type.application";
		};
/* End PBXNativeTarget section */

/* Begin PBXProject section */
		499203D0244D2836000D99D9 /* Project object */ = {
			isa = PBXProject;
			attributes = {
				LastSwiftUpdateCheck = 1120;
				LastUpgradeCheck = 1120;
				ORGANIZATIONNAME = "Daniel Sylwestrowicz";
				TargetAttributes = {
					499203D7244D2836000D99D9 = {
						CreatedOnToolsVersion = 11.2.1;
					};
				};
			};
			buildConfigurationList = 499203D3244D2836000D99D9 /* Build configuration list for PBXProject "Force Field" */;
			compatibilityVersion = "Xcode 9.3";
			developmentRegion = en;
			hasScannedForEncodings = 0;
			knownRegions = (
				en,
				Base,
			);
			mainGroup = 499203CF244D2836000D99D9;
			productRefGroup = 499203D9244D2836000D99D9 /* Products */;
			projectDirPath = "";
			projectRoot = "";
			targets = (
				499203D7244D2836000D99D9 /* Force Field */,
			);
		};
/* End PBXProject section */

/* Begin PBXResourcesBuildPhase section */
		499203D6244D2836000D99D9 /* Resources */ = {
			isa = PBXResourcesBuildPhase;
			buildActionMask = 2147483647;
			files = (
				499203EB244D2838000D99D9 /* LaunchScreen.storyboard in Resources */,
				499203E8244D2838000D99D9 /* Preview Assets.xcassets in Resources */,
				499203E5244D2838000D99D9 /* Assets.xcassets in Resources */,
			);
			runOnlyForDeploymentPostprocessing = 0;
		};
/* End PBXResourcesBuildPhase section */

/* Begin PBXSourcesBuildPhase section */
		499203D4244D2836000D99D9 /* Sources */ = {
			isa = PBXSourcesBuildPhase;
			buildActionMask = 2147483647;
			files = (
				499203E1244D2836000D99D9 /* Force_Field.xcdatamodeld in Sources */,
				499203DC244D2836000D99D9 /* AppDelegate.swift in Sources */,
				499203F3244D4980000D99D9 /* ContentModel.swift in Sources */,
				499203E3244D2836000D99D9 /* ContentView.swift in Sources */,
				499203DE244D2836000D99D9 /* SceneDelegate.swift in Sources */,
			);
			runOnlyForDeploymentPostprocessing = 0;
		};
/* End PBXSourcesBuildPhase section */

/* Begin PBXVariantGroup section */
		499203E9244D2838000D99D9 /* LaunchScreen.storyboard */ = {
			isa = PBXVariantGroup;
			children = (
				499203EA244D2838000D99D9 /* Base */,
			);
			name = LaunchScreen.storyboard;
			sourceTree = "<group>";
		};
/* End PBXVariantGroup section */

/* Begin XCBuildConfiguration section */
		499203ED244D2838000D99D9 /* Debug */ = {
			isa = XCBuildConfiguration;
			buildSettings = {
				ALWAYS_SEARCH_USER_PATHS = NO;
				CLANG_ANALYZER_NONNULL = YES;
				CLANG_ANALYZER_NUMBER_OBJECT_CONVERSION = YES_AGGRESSIVE;
				CLANG_CXX_LANGUAGE_STANDARD = "gnu++14";
				CLANG_CXX_LIBRARY = "libc++";
				CLANG_ENABLE_MODULES = YES;
				CLANG_ENABLE_OBJC_ARC = YES;
				CLANG_ENABLE_OBJC_WEAK = YES;
				CLANG_WARN_BLOCK_CAPTURE_AUTORELEASING = YES;
				CLANG_WARN_BOOL_CONVERSION = YES;
				CLANG_WARN_COMMA = YES;
				CLANG_WARN_CONSTANT_CONVERSION = YES;
				CLANG_WARN_DEPRECATED_OBJC_IMPLEMENTATIONS = YES;
				CLANG_WARN_DIRECT_OBJC_ISA_USAGE = YES_ERROR;
				CLANG_WARN_DOCUMENTATION_COMMENTS = YES;
				CLANG_WARN_EMPTY_BODY = YES;
				CLANG_WARN_ENUM_CONVERSION = YES;
				CLANG_WARN_INFINITE_RECURSION = YES;
				CLANG_WARN_INT_CONVERSION = YES;
				CLANG_WARN_NON_LITERAL_NULL_CONVERSION = YES;
				CLANG_WARN_OBJC_IMPLICIT_RETAIN_SELF = YES;
				CLANG_WARN_OBJC_LITERAL_CONVERSION = YES;
				CLANG_WARN_OBJC_ROOT_CLASS = YES_ERROR;
				CLANG_WARN_RANGE_LOOP_ANALYSIS = YES;
				CLANG_WARN_STRICT_PROTOTYPES = YES;
				CLANG_WARN_SUSPICIOUS_MOVE = YES;
				CLANG_WARN_UNGUARDED_AVAILABILITY = YES_AGGRESSIVE;
				CLANG_WARN_UNREACHABLE_CODE = YES;
				CLANG_WARN__DUPLICATE_METHOD_MATCH = YES;
				COPY_PHASE_STRIP = NO;
				DEBUG_INFORMATION_FORMAT = dwarf;
				ENABLE_STRICT_OBJC_MSGSEND = YES;
				ENABLE_TESTABILITY = YES;
				GCC_C_LANGUAGE_STANDARD = gnu11;
				GCC_DYNAMIC_NO_PIC = NO;
				GCC_NO_COMMON_BLOCKS = YES;
				GCC_OPTIMIZATION_LEVEL = 0;
				GCC_PREPROCESSOR_DEFINITIONS = (
					"DEBUG=1",
					"$(inherited)",
				);
				GCC_WARN_64_TO_32_BIT_CONVERSION = YES;
				GCC_WARN_ABOUT_RETURN_TYPE = YES_ERROR;
				GCC_WARN_UNDECLARED_SELECTOR = YES;
				GCC_WARN_UNINITIALIZED_AUTOS = YES_AGGRESSIVE;
				GCC_WARN_UNUSED_FUNCTION = YES;
				GCC_WARN_UNUSED_VARIABLE = YES;
				IPHONEOS_DEPLOYMENT_TARGET = 13.2;
				MTL_ENABLE_DEBUG_INFO = INCLUDE_SOURCE;
				MTL_FAST_MATH = YES;
				ONLY_ACTIVE_ARCH = YES;
				SDKROOT = iphoneos;
				SWIFT_ACTIVE_COMPILATION_CONDITIONS = DEBUG;
				SWIFT_OPTIMIZATION_LEVEL = "-Onone";
			};
			name = Debug;
		};
		499203EE244D2838000D99D9 /* Release */ = {
			isa = XCBuildConfiguration;
			buildSettings = {
				ALWAYS_SEARCH_USER_PATHS = NO;
				CLANG_ANALYZER_NONNULL = YES;
				CLANG_ANALYZER_NUMBER_OBJECT_CONVERSION = YES_AGGRESSIVE;
				CLANG_CXX_LANGUAGE_STANDARD = "gnu++14";
				CLANG_CXX_LIBRARY = "libc++";
				CLANG_ENABLE_MODULES = YES;
				CLANG_ENABLE_OBJC_ARC = YES;
				CLANG_ENABLE_OBJC_WEAK = YES;
				CLANG_WARN_BLOCK_CAPTURE_AUTORELEASING = YES;
				CLANG_WARN_BOOL_CONVERSION = YES;
				CLANG_WARN_COMMA = YES;
				CLANG_WARN_CONSTANT_CONVERSION = YES;
				CLANG_WARN_DEPRECATED_OBJC_IMPLEMENTATIONS = YES;
				CLANG_WARN_DIRECT_OBJC_ISA_USAGE = YES_ERROR;
				CLANG_WARN_DOCUMENTATION_COMMENTS = YES;
				CLANG_WARN_EMPTY_BODY = YES;
				CLANG_WARN_ENUM_CONVERSION = YES;
				CLANG_WARN_INFINITE_RECURSION = YES;
				CLANG_WARN_INT_CONVERSION = YES;
				CLANG_WARN_NON_LITERAL_NULL_CONVERSION = YES;
				CLANG_WARN_OBJC_IMPLICIT_RETAIN_SELF = YES;
				CLANG_WARN_OBJC_LITERAL_CONVERSION = YES;
				CLANG_WARN_OBJC_ROOT_CLASS = YES_ERROR;
				CLANG_WARN_RANGE_LOOP_ANALYSIS = YES;
				CLANG_WARN_STRICT_PROTOTYPES = YES;
				CLANG_WARN_SUSPICIOUS_MOVE = YES;
				CLANG_WARN_UNGUARDED_AVAILABILITY = YES_AGGRESSIVE;
				CLANG_WARN_UNREACHABLE_CODE = YES;
				CLANG_WARN__DUPLICATE_METHOD_MATCH = YES;
				COPY_PHASE_STRIP = NO;
				DEBUG_INFORMATION_FORMAT = "dwarf-with-dsym";
				ENABLE_NS_ASSERTIONS = NO;
				ENABLE_STRICT_OBJC_MSGSEND = YES;
				GCC_C_LANGUAGE_STANDARD = gnu11;
				GCC_NO_COMMON_BLOCKS = YES;
				GCC_WARN_64_TO_32_BIT_CONVERSION = YES;
				GCC_WARN_ABOUT_RETURN_TYPE = YES_ERROR;
				GCC_WARN_UNDECLARED_SELECTOR = YES;
				GCC_WARN_UNINITIALIZED_AUTOS = YES_AGGRESSIVE;
				GCC_WARN_UNUSED_FUNCTION = YES;
				GCC_WARN_UNUSED_VARIABLE = YES;
				IPHONEOS_DEPLOYMENT_TARGET = 13.2;
				MTL_ENABLE_DEBUG_INFO = NO;
				MTL_FAST_MATH = YES;
				SDKROOT = iphoneos;
				SWIFT_COMPILATION_MODE = wholemodule;
				SWIFT_OPTIMIZATION_LEVEL = "-O";
				VALIDATE_PRODUCT = YES;
			};
			name = Release;
		};
		499203F0244D2838000D99D9 /* Debug */ = {
			isa = XCBuildConfiguration;
			buildSettings = {
				ASSETCATALOG_COMPILER_APPICON_NAME = AppIcon;
				CODE_SIGN_STYLE = Automatic;
				DEVELOPMENT_ASSET_PATHS = "\"Force Field/Preview Content\"";
				ENABLE_PREVIEWS = YES;
				INFOPLIST_FILE = "Force Field/Info.plist";
				LD_RUNPATH_SEARCH_PATHS = (
					"$(inherited)",
					"@executable_path/Frameworks",
				);
				PRODUCT_BUNDLE_IDENTIFIER = "edu.utk.Force-Field";
				PRODUCT_NAME = "$(TARGET_NAME)";
				SWIFT_VERSION = 5.0;
				TARGETED_DEVICE_FAMILY = "1,2";
			};
			name = Debug;
		};
		499203F1244D2838000D99D9 /* Release */ = {
			isa = XCBuildConfiguration;
			buildSettings = {
				ASSETCATALOG_COMPILER_APPICON_NAME = AppIcon;
				CODE_SIGN_STYLE = Automatic;
				DEVELOPMENT_ASSET_PATHS = "\"Force Field/Preview Content\"";
				ENABLE_PREVIEWS = YES;
				INFOPLIST_FILE = "Force Field/Info.plist";
				LD_RUNPATH_SEARCH_PATHS = (
					"$(inherited)",
					"@executable_path/Frameworks",
				);
				PRODUCT_BUNDLE_IDENTIFIER = "edu.utk.Force-Field";
				PRODUCT_NAME = "$(TARGET_NAME)";
				SWIFT_VERSION = 5.0;
				TARGETED_DEVICE_FAMILY = "1,2";
			};
			name = Release;
		};
/* End XCBuildConfiguration section */

/* Begin XCConfigurationList section */
		499203D3244D2836000D99D9 /* Build configuration list for PBXProject "Force Field" */ = {
			isa = XCConfigurationList;
			buildConfigurations = (
				499203ED244D2838000D99D9 /* Debug */,
				499203EE244D2838000D99D9 /* Release */,
			);
			defaultConfigurationIsVisible = 0;
			defaultConfigurationName = Release;
		};
		499203EF244D2838000D99D9 /* Build configuration list for PBXNativeTarget "Force Field" */ = {
			isa = XCConfigurationList;
			buildConfigurations = (
				499203F0244D2838000D99D9 /* Debug */,
				499203F1244D2838000D99D9 /* Release */,
			);
			defaultConfigurationIsVisible = 0;
			defaultConfigurationName = Release;
		};
/* End XCConfigurationList section */

/* Begin XCVersionGroup section */
		499203DF244D2836000D99D9 /* Force_Field.xcdatamodeld */ = {
			isa = XCVersionGroup;
			children = (
				499203E0244D2836000D99D9 /* Force_Field.xcdatamodel */,
			);
			currentVersion = 499203E0244D2836000D99D9 /* Force_Field.xcdatamodel */;
			path = Force_Field.xcdatamodeld;
			sourceTree = "<group>";
			versionGroupType = wrapper.xcdatamodel;
		};
/* End XCVersionGroup section */
	};
	rootObject = 499203D0244D2836000D99D9 /* Project object */;
}
